// !$*UTF8*$!
{
	archiveVersion = 1;
	classes = {
	};
	objectVersion = 46;
	objects = {

/* Begin PBXBuildFile section */
		D8B74C181B2746260081D4CF /* main.m in Sources */ = {isa = PBXBuildFile; fileRef = D8B74C171B2746260081D4CF /* main.m */; };
		D8B74C1B1B2746260081D4CF /* AppDelegate.m in Sources */ = {isa = PBXBuildFile; fileRef = D8B74C1A1B2746260081D4CF /* AppDelegate.m */; };
		D8B74C1E1B2746260081D4CF /* ViewController.m in Sources */ = {isa = PBXBuildFile; fileRef = D8B74C1D1B2746260081D4CF /* ViewController.m */; };
		D8B74C211B2746260081D4CF /* Main.storyboard in Resources */ = {isa = PBXBuildFile; fileRef = D8B74C1F1B2746260081D4CF /* Main.storyboard */; };
		D8B74C231B2746260081D4CF /* Images.xcassets in Resources */ = {isa = PBXBuildFile; fileRef = D8B74C221B2746260081D4CF /* Images.xcassets */; };
		D8B74C261B2746260081D4CF /* LaunchScreen.xib in Resources */ = {isa = PBXBuildFile; fileRef = D8B74C241B2746260081D4CF /* LaunchScreen.xib */; };
		D8B74C321B2746260081D4CF /* Mario_GameTests.m in Sources */ = {isa = PBXBuildFile; fileRef = D8B74C311B2746260081D4CF /* Mario_GameTests.m */; };
/* End PBXBuildFile section */

/* Begin PBXContainerItemProxy section */
		D8B74C2C1B2746260081D4CF /* PBXContainerItemProxy */ = {
			isa = PBXContainerItemProxy;
			containerPortal = D8B74C0A1B2746260081D4CF /* Project object */;
			proxyType = 1;
			remoteGlobalIDString = D8B74C111B2746260081D4CF;
			remoteInfo = "Mario Game";
		};
/* End PBXContainerItemProxy section */

/* Begin PBXFileReference section */
		D8B74C121B2746260081D4CF /* Mario Game.app */ = {isa = PBXFileReference; explicitFileType = wrapper.application; includeInIndex = 0; path = "Mario Game.app"; sourceTree = BUILT_PRODUCTS_DIR; };
		D8B74C161B2746260081D4CF /* Info.plist */ = {isa = PBXFileReference; lastKnownFileType = text.plist.xml; path = Info.plist; sourceTree = "<group>"; };
		D8B74C171B2746260081D4CF /* main.m */ = {isa = PBXFileReference; lastKnownFileType = sourcecode.c.objc; path = main.m; sourceTree = "<group>"; };
		D8B74C191B2746260081D4CF /* AppDelegate.h */ = {isa = PBXFileReference; lastKnownFileType = sourcecode.c.h; path = AppDelegate.h; sourceTree = "<group>"; };
		D8B74C1A1B2746260081D4CF /* AppDelegate.m */ = {isa = PBXFileReference; lastKnownFileType = sourcecode.c.objc; path = AppDelegate.m; sourceTree = "<group>"; };
		D8B74C1C1B2746260081D4CF /* ViewController.h */ = {isa = PBXFileReference; lastKnownFileType = sourcecode.c.h; path = ViewController.h; sourceTree = "<group>"; };
		D8B74C1D1B2746260081D4CF /* ViewController.m */ = {isa = PBXFileReference; lastKnownFileType = sourcecode.c.objc; path = ViewController.m; sourceTree = "<group>"; };
		D8B74C201B2746260081D4CF /* Base */ = {isa = PBXFileReference; lastKnownFileType = file.storyboard; name = Base; path = Base.lproj/Main.storyboard; sourceTree = "<group>"; };
		D8B74C221B2746260081D4CF /* Images.xcassets */ = {isa = PBXFileReference; lastKnownFileType = folder.assetcatalog; path = Images.xcassets; sourceTree = "<group>"; };
		D8B74C251B2746260081D4CF /* Base */ = {isa = PBXFileReference; lastKnownFileType = file.xib; name = Base; path = Base.lproj/LaunchScreen.xib; sourceTree = "<group>"; };
		D8B74C2B1B2746260081D4CF /* Mario GameTests.xctest */ = {isa = PBXFileReference; explicitFileType = wrapper.cfbundle; includeInIndex = 0; path = "Mario GameTests.xctest"; sourceTree = BUILT_PRODUCTS_DIR; };
		D8B74C301B2746260081D4CF /* Info.plist */ = {isa = PBXFileReference; lastKnownFileType = text.plist.xml; path = Info.plist; sourceTree = "<group>"; };
		D8B74C311B2746260081D4CF /* Mario_GameTests.m */ = {isa = PBXFileReference; lastKnownFileType = sourcecode.c.objc; path = Mario_GameTests.m; sourceTree = "<group>"; };
/* End PBXFileReference section */

/* Begin PBXFrameworksBuildPhase section */
		D8B74C0F1B2746260081D4CF /* Frameworks */ = {
			isa = PBXFrameworksBuildPhase;
			buildActionMask = 2147483647;
			files = (
			);
			runOnlyForDeploymentPostprocessing = 0;
		};
		D8B74C281B2746260081D4CF /* Frameworks */ = {
			isa = PBXFrameworksBuildPhase;
			buildActionMask = 2147483647;
			files = (
			);
			runOnlyForDeploymentPostprocessing = 0;
		};
/* End PBXFrameworksBuildPhase section */

/* Begin PBXGroup section */
		D8B74C091B2746260081D4CF = {
			isa = PBXGroup;
			children = (
				D8B74C141B2746260081D4CF /* Mario Game */,
				D8B74C2E1B2746260081D4CF /* Mario GameTests */,
				D8B74C131B2746260081D4CF /* Products */,
			);
			sourceTree = "<group>";
		};
		D8B74C131B2746260081D4CF /* Products */ = {
			isa = PBXGroup;
			children = (
				D8B74C121B2746260081D4CF /* Mario Game.app */,
				D8B74C2B1B2746260081D4CF /* Mario GameTests.xctest */,
			);
			name = Products;
			sourceTree = "<group>";
		};
		D8B74C141B2746260081D4CF /* Mario Game */ = {
			isa = PBXGroup;
			children = (
				D8B74C191B2746260081D4CF /* AppDelegate.h */,
				D8B74C1A1B2746260081D4CF /* AppDelegate.m */,
				D8B74C1C1B2746260081D4CF /* ViewController.h */,
				D8B74C1D1B2746260081D4CF /* ViewController.m */,
				D8B74C1F1B2746260081D4CF /* Main.storyboard */,
				D8B74C221B2746260081D4CF /* Images.xcassets */,
				D8B74C241B2746260081D4CF /* LaunchScreen.xib */,
				D8B74C151B2746260081D4CF /* Supporting Files */,
			);
			path = "Mario Game";
			sourceTree = "<group>";
		};
		D8B74C151B2746260081D4CF /* Supporting Files */ = {
			isa = PBXGroup;
			children = (
				D8B74C161B2746260081D4CF /* Info.plist */,
				D8B74C171B2746260081D4CF /* main.m */,
			);
			name = "Supporting Files";
			sourceTree = "<group>";
		};
		D8B74C2E1B2746260081D4CF /* Mario GameTests */ = {
			isa = PBXGroup;
			children = (
				D8B74C311B2746260081D4CF /* Mario_GameTests.m */,
				D8B74C2F1B2746260081D4CF /* Supporting Files */,
			);
			path = "Mario GameTests";
			sourceTree = "<group>";
		};
		D8B74C2F1B2746260081D4CF /* Supporting Files */ = {
			isa = PBXGroup;
			children = (
				D8B74C301B2746260081D4CF /* Info.plist */,
			);
			name = "Supporting Files";
			sourceTree = "<group>";
		};
/* End PBXGroup section */

/* Begin PBXNativeTarget section */
		D8B74C111B2746260081D4CF /* Mario Game */ = {
			isa = PBXNativeTarget;
			buildConfigurationList = D8B74C351B2746260081D4CF /* Build configuration list for PBXNativeTarget "Mario Game" */;
			buildPhases = (
				D8B74C0E1B2746260081D4CF /* Sources */,
				D8B74C0F1B2746260081D4CF /* Frameworks */,
				D8B74C101B2746260081D4CF /* Resources */,
			);
			buildRules = (
			);
			dependencies = (
			);
			name = "Mario Game";
			productName = "Mario Game";
			productReference = D8B74C121B2746260081D4CF /* Mario Game.app */;
			productType = "com.apple.product-type.application";
		};
		D8B74C2A1B2746260081D4CF /* Mario GameTests */ = {
			isa = PBXNativeTarget;
			buildConfigurationList = D8B74C381B2746260081D4CF /* Build configuration list for PBXNativeTarget "Mario GameTests" */;
			buildPhases = (
				D8B74C271B2746260081D4CF /* Sources */,
				D8B74C281B2746260081D4CF /* Frameworks */,
				D8B74C291B2746260081D4CF /* Resources */,
			);
			buildRules = (
			);
			dependencies = (
				D8B74C2D1B2746260081D4CF /* PBXTargetDependency */,
			);
			name = "Mario GameTests";
			productName = "Mario GameTests";
			productReference = D8B74C2B1B2746260081D4CF /* Mario GameTests.xctest */;
			productType = "com.apple.product-type.bundle.unit-test";
		};
/* End PBXNativeTarget section */

/* Begin PBXProject section */
		D8B74C0A1B2746260081D4CF /* Project object */ = {
			isa = PBXProject;
			attributes = {
				LastUpgradeCheck = 0630;
				ORGANIZATIONNAME = "Joe Lucero";
				TargetAttributes = {
					D8B74C111B2746260081D4CF = {
						CreatedOnToolsVersion = 6.3.2;
					};
					D8B74C2A1B2746260081D4CF = {
						CreatedOnToolsVersion = 6.3.2;
						TestTargetID = D8B74C111B2746260081D4CF;
					};
				};
			};
			buildConfigurationList = D8B74C0D1B2746260081D4CF /* Build configuration list for PBXProject "Mario Game" */;
			compatibilityVersion = "Xcode 3.2";
			developmentRegion = English;
			hasScannedForEncodings = 0;
			knownRegions = (
				en,
				Base,
			);
			mainGroup = D8B74C091B2746260081D4CF;
			productRefGroup = D8B74C131B2746260081D4CF /* Products */;
			projectDirPath = "";
			projectRoot = "";
			targets = (
				D8B74C111B2746260081D4CF /* Mario Game */,
				D8B74C2A1B2746260081D4CF /* Mario GameTests */,
			);
		};
/* End PBXProject section */

/* Begin PBXResourcesBuildPhase section */
		D8B74C101B2746260081D4CF /* Resources */ = {
			isa = PBXResourcesBuildPhase;
			buildActionMask = 2147483647;
			files = (
				D8B74C211B2746260081D4CF /* Main.storyboard in Resources */,
				D8B74C261B2746260081D4CF /* LaunchScreen.xib in Resources */,
				D8B74C231B2746260081D4CF /* Images.xcassets in Resources */,
			);
			runOnlyForDeploymentPostprocessing = 0;
		};
		D8B74C291B2746260081D4CF /* Resources */ = {
			isa = PBXResourcesBuildPhase;
			buildActionMask = 2147483647;
			files = (
			);
			runOnlyForDeploymentPostprocessing = 0;
		};
/* End PBXResourcesBuildPhase section */

/* Begin PBXSourcesBuildPhase section */
		D8B74C0E1B2746260081D4CF /* Sources */ = {
			isa = PBXSourcesBuildPhase;
			buildActionMask = 2147483647;
			files = (
				D8B74C1E1B2746260081D4CF /* ViewController.m in Sources */,
				D8B74C1B1B2746260081D4CF /* AppDelegate.m in Sources */,
				D8B74C181B2746260081D4CF /* main.m in Sources */,
			);
			runOnlyForDeploymentPostprocessing = 0;
		};
		D8B74C271B2746260081D4CF /* Sources */ = {
			isa = PBXSourcesBuildPhase;
			buildActionMask = 2147483647;
			files = (
				D8B74C321B2746260081D4CF /* Mario_GameTests.m in Sources */,
			);
			runOnlyForDeploymentPostprocessing = 0;
		};
/* End PBXSourcesBuildPhase section */

/* Begin PBXTargetDependency section */
		D8B74C2D1B2746260081D4CF /* PBXTargetDependency */ = {
			isa = PBXTargetDependency;
			target = D8B74C111B2746260081D4CF /* Mario Game */;
			targetProxy = D8B74C2C1B2746260081D4CF /* PBXContainerItemProxy */;
		};
/* End PBXTargetDependency section */

/* Begin PBXVariantGroup section */
		D8B74C1F1B2746260081D4CF /* Main.storyboard */ = {
			isa = PBXVariantGroup;
			children = (
				D8B74C201B2746260081D4CF /* Base */,
			);
			name = Main.storyboard;
			sourceTree = "<group>";
		};
		D8B74C241B2746260081D4CF /* LaunchScreen.xib */ = {
			isa = PBXVariantGroup;
			children = (
				D8B74C251B2746260081D4CF /* Base */,
			);
			name = LaunchScreen.xib;
			sourceTree = "<group>";
		};
/* End PBXVariantGroup section */

/* Begin XCBuildConfiguration section */
		D8B74C331B2746260081D4CF /* Debug */ = {
			isa = XCBuildConfiguration;
			buildSettings = {
				ALWAYS_SEARCH_USER_PATHS = NO;
				CLANG_CXX_LANGUAGE_STANDARD = "gnu++0x";
				CLANG_CXX_LIBRARY = "libc++";
				CLANG_ENABLE_MODULES = YES;
				CLANG_ENABLE_OBJC_ARC = YES;
				CLANG_WARN_BOOL_CONVERSION = YES;
				CLANG_WARN_CONSTANT_CONVERSION = YES;
				CLANG_WARN_DIRECT_OBJC_ISA_USAGE = YES_ERROR;
				CLANG_WARN_EMPTY_BODY = YES;
				CLANG_WARN_ENUM_CONVERSION = YES;
				CLANG_WARN_INT_CONVERSION = YES;
				CLANG_WARN_OBJC_ROOT_CLASS = YES_ERROR;
				CLANG_WARN_UNREACHABLE_CODE = YES;
				CLANG_WARN__DUPLICATE_METHOD_MATCH = YES;
				"CODE_SIGN_IDENTITY[sdk=iphoneos*]" = "iPhone Developer";
				COPY_PHASE_STRIP = NO;
				DEBUG_INFORMATION_FORMAT = "dwarf-with-dsym";
				ENABLE_STRICT_OBJC_MSGSEND = YES;
				GCC_C_LANGUAGE_STANDARD = gnu99;
				GCC_DYNAMIC_NO_PIC = NO;
				GCC_NO_COMMON_BLOCKS = YES;
				GCC_OPTIMIZATION_LEVEL = 0;
				GCC_PREPROCESSOR_DEFINITIONS = (
					"DEBUG=1",
					"$(inherited)",
				);
				GCC_SYMBOLS_PRIVATE_EXTERN = NO;
				GCC_WARN_64_TO_32_BIT_CONVERSION = YES;
				GCC_WARN_ABOUT_RETURN_TYPE = YES_ERROR;
				GCC_WARN_UNDECLARED_SELECTOR = YES;
				GCC_WARN_UNINITIALIZED_AUTOS = YES_AGGRESSIVE;
				GCC_WARN_UNUSED_FUNCTION = YES;
				GCC_WARN_UNUSED_VARIABLE = YES;
				IPHONEOS_DEPLOYMENT_TARGET = 8.3;
				MTL_ENABLE_DEBUG_INFO = YES;
				ONLY_ACTIVE_ARCH = YES;
				SDKROOT = iphoneos;
			};
			name = Debug;
		};
		D8B74C341B2746260081D4CF /* Release */ = {
			isa = XCBuildConfiguration;
			buildSettings = {
				ALWAYS_SEARCH_USER_PATHS = NO;
				CLANG_CXX_LANGUAGE_STANDARD = "gnu++0x";
				CLANG_CXX_LIBRARY = "libc++";
				CLANG_ENABLE_MODULES = YES;
				CLANG_ENABLE_OBJC_ARC = YES;
				CLANG_WARN_BOOL_CONVERSION = YES;
				CLANG_WARN_CONSTANT_CONVERSION = YES;
				CLANG_WARN_DIRECT_OBJC_ISA_USAGE = YES_ERROR;
				CLANG_WARN_EMPTY_BODY = YES;
				CLANG_WARN_ENUM_CONVERSION = YES;
				CLANG_WARN_INT_CONVERSION = YES;
				CLANG_WARN_OBJC_ROOT_CLASS = YES_ERROR;
				CLANG_WARN_UNREACHABLE_CODE = YES;
				CLANG_WARN__DUPLICATE_METHOD_MATCH = YES;
				"CODE_SIGN_IDENTITY[sdk=iphoneos*]" = "iPhone Developer";
				COPY_PHASE_STRIP = NO;
				DEBUG_INFORMATION_FORMAT = "dwarf-with-dsym";
				ENABLE_NS_ASSERTIONS = NO;
				ENABLE_STRICT_OBJC_MSGSEND = YES;
				GCC_C_LANGUAGE_STANDARD = gnu99;
				GCC_NO_COMMON_BLOCKS = YES;
				GCC_WARN_64_TO_32_BIT_CONVERSION = YES;
				GCC_WARN_ABOUT_RETURN_TYPE = YES_ERROR;
				GCC_WARN_UNDECLARED_SELECTOR = YES;
				GCC_WARN_UNINITIALIZED_AUTOS = YES_AGGRESSIVE;
				GCC_WARN_UNUSED_FUNCTION = YES;
				GCC_WARN_UNUSED_VARIABLE = YES;
				IPHONEOS_DEPLOYMENT_TARGET = 8.3;
				MTL_ENABLE_DEBUG_INFO = NO;
				SDKROOT = iphoneos;
				VALIDATE_PRODUCT = YES;
			};
			name = Release;
		};
		D8B74C361B2746260081D4CF /* Debug */ = {
			isa = XCBuildConfiguration;
			buildSettings = {
				ASSETCATALOG_COMPILER_APPICON_NAME = AppIcon;
				INFOPLIST_FILE = "Mario Game/Info.plist";
				LD_RUNPATH_SEARCH_PATHS = "$(inherited) @executable_path/Frameworks";
				PRODUCT_NAME = "$(TARGET_NAME)";
			};
			name = Debug;
		};
		D8B74C371B2746260081D4CF /* Release */ = {
			isa = XCBuildConfiguration;
			buildSettings = {
				ASSETCATALOG_COMPILER_APPICON_NAME = AppIcon;
				INFOPLIST_FILE = "Mario Game/Info.plist";
				LD_RUNPATH_SEARCH_PATHS = "$(inherited) @executable_path/Frameworks";
				PRODUCT_NAME = "$(TARGET_NAME)";
			};
			name = Release;
		};
		D8B74C391B2746260081D4CF /* Debug */ = {
			isa = XCBuildConfiguration;
			buildSettings = {
				BUNDLE_LOADER = "$(TEST_HOST)";
				FRAMEWORK_SEARCH_PATHS = (
					"$(SDKROOT)/Developer/Library/Frameworks",
					"$(inherited)",
				);
				GCC_PREPROCESSOR_DEFINITIONS = (
					"DEBUG=1",
					"$(inherited)",
				);
				INFOPLIST_FILE = "Mario GameTests/Info.plist";
				LD_RUNPATH_SEARCH_PATHS = "$(inherited) @executable_path/Frameworks @loader_path/Frameworks";
				PRODUCT_NAME = "$(TARGET_NAME)";
				TEST_HOST = "$(BUILT_PRODUCTS_DIR)/Mario Game.app/Mario Game";
			};
			name = Debug;
		};
		D8B74C3A1B2746260081D4CF /* Release */ = {
			isa = XCBuildConfiguration;
			buildSettings = {
				BUNDLE_LOADER = "$(TEST_HOST)";
				FRAMEWORK_SEARCH_PATHS = (
					"$(SDKROOT)/Developer/Library/Frameworks",
					"$(inherited)",
				);
				INFOPLIST_FILE = "Mario GameTests/Info.plist";
				LD_RUNPATH_SEARCH_PATHS = "$(inherited) @executable_path/Frameworks @loader_path/Frameworks";
				PRODUCT_NAME = "$(TARGET_NAME)";
				TEST_HOST = "$(BUILT_PRODUCTS_DIR)/Mario Game.app/Mario Game";
			};
			name = Release;
		};
/* End XCBuildConfiguration section */

/* Begin XCConfigurationList section */
		D8B74C0D1B2746260081D4CF /* Build configuration list for PBXProject "Mario Game" */ = {
			isa = XCConfigurationList;
			buildConfigurations = (
				D8B74C331B2746260081D4CF /* Debug */,
				D8B74C341B2746260081D4CF /* Release */,
			);
			defaultConfigurationIsVisible = 0;
			defaultConfigurationName = Release;
		};
		D8B74C351B2746260081D4CF /* Build configuration list for PBXNativeTarget "Mario Game" */ = {
			isa = XCConfigurationList;
			buildConfigurations = (
				D8B74C361B2746260081D4CF /* Debug */,
				D8B74C371B2746260081D4CF /* Release */,
			);
			defaultConfigurationIsVisible = 0;
		};
		D8B74C381B2746260081D4CF /* Build configuration list for PBXNativeTarget "Mario GameTests" */ = {
			isa = XCConfigurationList;
			buildConfigurations = (
				D8B74C391B2746260081D4CF /* Debug */,
				D8B74C3A1B2746260081D4CF /* Release */,
			);
			defaultConfigurationIsVisible = 0;
		};
/* End XCConfigurationList section */
	};
	rootObject = D8B74C0A1B2746260081D4CF /* Project object */;
}
